
Microsoft Visual Studio Solution File, Format Version 12.00
# Visual Studio Version 17
VisualStudioVersion = 17.13.35931.197
MinimumVisualStudioVersion = 10.0.40219.1
Project("{FAE04EC0-301F-11D3-BF4B-00C04F79EFBC}") = "EF02.ConnectionString", "EF02.ConnectionString\EF02.ConnectionString.csproj", "{C448046C-23DE-4CA6-9A9A-4C7B19528C09}"
EndProject
Project("{FAE04EC0-301F-11D3-BF4B-00C04F79EFBC}") = "ExecuteRawSql", "ExecuteRawSql\ExecuteRawSql.csproj", "{494EC725-49AC-4675-B557-CAD7A7EB77FE}"
EndProject
Project("{FAE04EC0-301F-11D3-BF4B-00C04F79EFBC}") = "ExecuteInsertRawSql", "ExecuteInsertRawSql\ExecuteInsertRawSql.csproj", "{E37F2499-52BA-40E5-AD81-09172279E167}"
EndProject
Project("{FAE04EC0-301F-11D3-BF4B-00C04F79EFBC}") = "ExecuteInsertExcuteScaler", "ExecuteInsertExcuteScaler\ExecuteInsertExcuteScaler.csproj", "{321919CC-ECB4-4959-83FC-B021CB182F8F}"
EndProject
Project("{FAE04EC0-301F-11D3-BF4B-00C04F79EFBC}") = "ExecuteInsertStoredProcedure", "ExecuteInsertStoredProcedure\ExecuteInsertStoredProcedure.csproj", "{6374BA8A-BC01-4C76-B5E0-438E487264CA}"
EndProject
Project("{FAE04EC0-301F-11D3-BF4B-00C04F79EFBC}") = "ExecuteUpdateRawSql", "ExecuteUpdateRawSql\ExecuteUpdateRawSql.csproj", "{E1664E5A-8F91-4783-A2F7-26932827F731}"
EndProject
Project("{FAE04EC0-301F-11D3-BF4B-00C04F79EFBC}") = "ExecuteDeleteRawSql", "ExecuteDeleteRawSql\ExecuteDeleteRawSql.csproj", "{7C08AC1A-01C9-462C-99D2-927E7D286AB9}"
EndProject
Project("{FAE04EC0-301F-11D3-BF4B-00C04F79EFBC}") = "ExecuteRawSqlDataAdapter", "ExecuteRawSqlDataAdapter\ExecuteRawSqlDataAdapter.csproj", "{2A691C80-0D0D-4772-B1AD-30F6BA1758FE}"
EndProject
Project("{FAE04EC0-301F-11D3-BF4B-00C04F79EFBC}") = "ExecuteTransaction", "ExecuteTransaction\ExecuteTransaction.csproj", "{8072DFEF-AAE9-4C61-8F7A-A4E0E3D97C17}"
EndProject
Global
	GlobalSection(SolutionConfigurationPlatforms) = preSolution
		Debug|Any CPU = Debug|Any CPU
		Release|Any CPU = Release|Any CPU
	EndGlobalSection
	GlobalSection(ProjectConfigurationPlatforms) = postSolution
		{C448046C-23DE-4CA6-9A9A-4C7B19528C09}.Debug|Any CPU.ActiveCfg = Debug|Any CPU
		{C448046C-23DE-4CA6-9A9A-4C7B19528C09}.Debug|Any CPU.Build.0 = Debug|Any CPU
		{C448046C-23DE-4CA6-9A9A-4C7B19528C09}.Release|Any CPU.ActiveCfg = Release|Any CPU
		{C448046C-23DE-4CA6-9A9A-4C7B19528C09}.Release|Any CPU.Build.0 = Release|Any CPU
		{494EC725-49AC-4675-B557-CAD7A7EB77FE}.Debug|Any CPU.ActiveCfg = Debug|Any CPU
		{494EC725-49AC-4675-B557-CAD7A7EB77FE}.Debug|Any CPU.Build.0 = Debug|Any CPU
		{494EC725-49AC-4675-B557-CAD7A7EB77FE}.Release|Any CPU.ActiveCfg = Release|Any CPU
		{494EC725-49AC-4675-B557-CAD7A7EB77FE}.Release|Any CPU.Build.0 = Release|Any CPU
		{E37F2499-52BA-40E5-AD81-09172279E167}.Debug|Any CPU.ActiveCfg = Debug|Any CPU
		{E37F2499-52BA-40E5-AD81-09172279E167}.Debug|Any CPU.Build.0 = Debug|Any CPU
		{E37F2499-52BA-40E5-AD81-09172279E167}.Release|Any CPU.ActiveCfg = Release|Any CPU
		{E37F2499-52BA-40E5-AD81-09172279E167}.Release|Any CPU.Build.0 = Release|Any CPU
		{321919CC-ECB4-4959-83FC-B021CB182F8F}.Debug|Any CPU.ActiveCfg = Debug|Any CPU
		{321919CC-ECB4-4959-83FC-B021CB182F8F}.Debug|Any CPU.Build.0 = Debug|Any CPU
		{321919CC-ECB4-4959-83FC-B021CB182F8F}.Release|Any CPU.ActiveCfg = Release|Any CPU
		{321919CC-ECB4-4959-83FC-B021CB182F8F}.Release|Any CPU.Build.0 = Release|Any CPU
		{6374BA8A-BC01-4C76-B5E0-438E487264CA}.Debug|Any CPU.ActiveCfg = Debug|Any CPU
		{6374BA8A-BC01-4C76-B5E0-438E487264CA}.Debug|Any CPU.Build.0 = Debug|Any CPU
		{6374BA8A-BC01-4C76-B5E0-438E487264CA}.Release|Any CPU.ActiveCfg = Release|Any CPU
		{6374BA8A-BC01-4C76-B5E0-438E487264CA}.Release|Any CPU.Build.0 = Release|Any CPU
		{E1664E5A-8F91-4783-A2F7-26932827F731}.Debug|Any CPU.ActiveCfg = Debug|Any CPU
		{E1664E5A-8F91-4783-A2F7-26932827F731}.Debug|Any CPU.Build.0 = Debug|Any CPU
		{E1664E5A-8F91-4783-A2F7-26932827F731}.Release|Any CPU.ActiveCfg = Release|Any CPU
		{E1664E5A-8F91-4783-A2F7-26932827F731}.Release|Any CPU.Build.0 = Release|Any CPU
		{7C08AC1A-01C9-462C-99D2-927E7D286AB9}.Debug|Any CPU.ActiveCfg = Debug|Any CPU
		{7C08AC1A-01C9-462C-99D2-927E7D286AB9}.Debug|Any CPU.Build.0 = Debug|Any CPU
		{7C08AC1A-01C9-462C-99D2-927E7D286AB9}.Release|Any CPU.ActiveCfg = Release|Any CPU
		{7C08AC1A-01C9-462C-99D2-927E7D286AB9}.Release|Any CPU.Build.0 = Release|Any CPU
		{2A691C80-0D0D-4772-B1AD-30F6BA1758FE}.Debug|Any CPU.ActiveCfg = Debug|Any CPU
		{2A691C80-0D0D-4772-B1AD-30F6BA1758FE}.Debug|Any CPU.Build.0 = Debug|Any CPU
		{2A691C80-0D0D-4772-B1AD-30F6BA1758FE}.Release|Any CPU.ActiveCfg = Release|Any CPU
		{2A691C80-0D0D-4772-B1AD-30F6BA1758FE}.Release|Any CPU.Build.0 = Release|Any CPU
		{8072DFEF-AAE9-4C61-8F7A-A4E0E3D97C17}.Debug|Any CPU.ActiveCfg = Debug|Any CPU
		{8072DFEF-AAE9-4C61-8F7A-A4E0E3D97C17}.Debug|Any CPU.Build.0 = Debug|Any CPU
		{8072DFEF-AAE9-4C61-8F7A-A4E0E3D97C17}.Release|Any CPU.ActiveCfg = Release|Any CPU
		{8072DFEF-AAE9-4C61-8F7A-A4E0E3D97C17}.Release|Any CPU.Build.0 = Release|Any CPU
	EndGlobalSection
	GlobalSection(SolutionProperties) = preSolution
		HideSolutionNode = FALSE
	EndGlobalSection
	GlobalSection(ExtensibilityGlobals) = postSolution
		SolutionGuid = {D9845DF3-57C8-4DED-889B-827FA5A87E38}
	EndGlobalSection
EndGlobal
